github.com/Jumpaku/go-assert v1.0.0 h1:0mrYBCxRHlHgnFh9+S/m8lKVMlK0Fvqq/V86k2CNZYY=
github.com/Jumpaku/go-assert v1.0.0/go.mod h1:WUm/awdnfBic4hBSBk8Fiyqkv1Pm1P9zXQQG6kNtrNQ=
github.com/davecgh/go-spew v1.1.1 h1:vj9j/u1bqnvCEfJOwUhtlOARqs3+rkHYY13jYWTU97c=
github.com/davecgh/go-spew v1.1.1/go.mod h1:J7Y8YcW2NihsgmVo/mv3lAwl/skON4iLHjSsI+c5H38=
golang.org/x/exp v0.0.0-20230713183714-613f0c0eb8a1 h1:MGwJjxBy0HJshjDNfLsYO8xppfqWlA5ZT9OhtUUhTNw=
golang.org/x/exp v0.0.0-20230713183714-613f0c0eb8a1/go.mod h1:FXUEEKJgO7OQYeo8N01OfiKP8RXMtf6e8aTskBGqWdc=
